PODS:
  - Kingfisher (8.3.3)
  - SDCycleScrollView/SwiftNOSD (1.82):
    - Kingfisher

DEPENDENCIES:
  - SDCycleScrollView/SwiftNOSD (from `../../`)

SPEC REPOS:
  trunk:
    - Kingfisher

EXTERNAL SOURCES:
  SDCycleScrollView:
    :path: "../../"

SPEC CHECKSUMS:
  Kingfisher: ff82cb91d9266ddb56cbb2f72d32c26f00d3e5be
  SDCycleScrollView: 357d9df5ad77352f6e36b9c94ab8e34f0eba1513

PODFILE CHECKSUM: 43fcfd2a94ca076de4190913c33da62fffa2a25f

COCOAPODS: 1.16.2
